{
  "name": "class-5-5-lab",
  "lockfileVersion": 2,
  "requires": true,
  "packages": {
    "": {
      "dependencies": {
        "algoliasearch": "^4.14.2",
        "kafkajs": "^2.2.0",
        "node-rdkafka": "^2.13.0"
      }
    },
    "node_modules/@algolia/cache-browser-local-storage": {
      "version": "4.14.2",
      "resolved": "https://registry.npmjs.org/@algolia/cache-browser-local-storage/-/cache-browser-local-storage-4.14.2.tgz",
      "integrity": "sha512-FRweBkK/ywO+GKYfAWbrepewQsPTIEirhi1BdykX9mxvBPtGNKccYAxvGdDCumU1jL4r3cayio4psfzKMejBlA==",
      "dependencies": {
        "@algolia/cache-common": "4.14.2"
      }
    },
    "node_modules/@algolia/cache-common": {
      "version": "4.14.2",
      "resolved": "https://registry.npmjs.org/@algolia/cache-common/-/cache-common-4.14.2.tgz",
      "integrity": "sha512-SbvAlG9VqNanCErr44q6lEKD2qoK4XtFNx9Qn8FK26ePCI8I9yU7pYB+eM/cZdS9SzQCRJBbHUumVr4bsQ4uxg=="
    },
    "node_modules/@algolia/cache-in-memory": {
      "version": "4.14.2",
      "resolved": "https://registry.npmjs.org/@algolia/cache-in-memory/-/cache-in-memory-4.14.2.tgz",
      "integrity": "sha512-HrOukWoop9XB/VFojPv1R5SVXowgI56T9pmezd/djh2JnVN/vXswhXV51RKy4nCpqxyHt/aGFSq2qkDvj6KiuQ==",
      "dependencies": {
        "@algolia/cache-common": "4.14.2"
      }
    },
    "node_modules/@algolia/client-account": {
      "version": "4.14.2",
      "resolved": "https://registry.npmjs.org/@algolia/client-account/-/client-account-4.14.2.tgz",
      "integrity": "sha512-WHtriQqGyibbb/Rx71YY43T0cXqyelEU0lB2QMBRXvD2X0iyeGl4qMxocgEIcbHyK7uqE7hKgjT8aBrHqhgc1w==",
      "dependencies": {
        "@algolia/client-common": "4.14.2",
        "@algolia/client-search": "4.14.2",
        "@algolia/transporter": "4.14.2"
      }
    },
    "node_modules/@algolia/client-analytics": {
      "version": "4.14.2",
      "resolved": "https://registry.npmjs.org/@algolia/client-analytics/-/client-analytics-4.14.2.tgz",
      "integrity": "sha512-yBvBv2mw+HX5a+aeR0dkvUbFZsiC4FKSnfqk9rrfX+QrlNOKEhCG0tJzjiOggRW4EcNqRmaTULIYvIzQVL2KYQ==",
      "dependencies": {
        "@algolia/client-common": "4.14.2",
        "@algolia/client-search": "4.14.2",
        "@algolia/requester-common": "4.14.2",
        "@algolia/transporter": "4.14.2"
      }
    },
    "node_modules/@algolia/client-common": {
      "version": "4.14.2",
      "resolved": "https://registry.npmjs.org/@algolia/client-common/-/client-common-4.14.2.tgz",
      "integrity": "sha512-43o4fslNLcktgtDMVaT5XwlzsDPzlqvqesRi4MjQz2x4/Sxm7zYg5LRYFol1BIhG6EwxKvSUq8HcC/KxJu3J0Q==",
      "dependencies": {
        "@algolia/requester-common": "4.14.2",
        "@algolia/transporter": "4.14.2"
      }
    },
    "node_modules/@algolia/client-personalization": {
      "version": "4.14.2",
      "resolved": "https://registry.npmjs.org/@algolia/client-personalization/-/client-personalization-4.14.2.tgz",
      "integrity": "sha512-ACCoLi0cL8CBZ1W/2juehSltrw2iqsQBnfiu/Rbl9W2yE6o2ZUb97+sqN/jBqYNQBS+o0ekTMKNkQjHHAcEXNw==",
      "dependencies": {
        "@algolia/client-common": "4.14.2",
        "@algolia/requester-common": "4.14.2",
        "@algolia/transporter": "4.14.2"
      }
    },
    "node_modules/@algolia/client-search": {
      "version": "4.14.2",
      "resolved": "https://registry.npmjs.org/@algolia/client-search/-/client-search-4.14.2.tgz",
      "integrity": "sha512-L5zScdOmcZ6NGiVbLKTvP02UbxZ0njd5Vq9nJAmPFtjffUSOGEp11BmD2oMJ5QvARgx2XbX4KzTTNS5ECYIMWw==",
      "dependencies": {
        "@algolia/client-common": "4.14.2",
        "@algolia/requester-common": "4.14.2",
        "@algolia/transporter": "4.14.2"
      }
    },
    "node_modules/@algolia/logger-common": {
      "version": "4.14.2",
      "resolved": "https://registry.npmjs.org/@algolia/logger-common/-/logger-common-4.14.2.tgz",
      "integrity": "sha512-/JGlYvdV++IcMHBnVFsqEisTiOeEr6cUJtpjz8zc0A9c31JrtLm318Njc72p14Pnkw3A/5lHHh+QxpJ6WFTmsA=="
    },
    "node_modules/@algolia/logger-console": {
      "version": "4.14.2",
      "resolved": "https://registry.npmjs.org/@algolia/logger-console/-/logger-console-4.14.2.tgz",
      "integrity": "sha512-8S2PlpdshbkwlLCSAB5f8c91xyc84VM9Ar9EdfE9UmX+NrKNYnWR1maXXVDQQoto07G1Ol/tYFnFVhUZq0xV/g==",
      "dependencies": {
        "@algolia/logger-common": "4.14.2"
      }
    },
    "node_modules/@algolia/requester-browser-xhr": {
      "version": "4.14.2",
      "resolved": "https://registry.npmjs.org/@algolia/requester-browser-xhr/-/requester-browser-xhr-4.14.2.tgz",
      "integrity": "sha512-CEh//xYz/WfxHFh7pcMjQNWgpl4wFB85lUMRyVwaDPibNzQRVcV33YS+63fShFWc2+42YEipFGH2iPzlpszmDw==",
      "dependencies": {
        "@algolia/requester-common": "4.14.2"
      }
    },
    "node_modules/@algolia/requester-common": {
      "version": "4.14.2",
      "resolved": "https://registry.npmjs.org/@algolia/requester-common/-/requester-common-4.14.2.tgz",
      "integrity": "sha512-73YQsBOKa5fvVV3My7iZHu1sUqmjjfs9TteFWwPwDmnad7T0VTCopttcsM3OjLxZFtBnX61Xxl2T2gmG2O4ehg=="
    },
    "node_modules/@algolia/requester-node-http": {
      "version": "4.14.2",
      "resolved": "https://registry.npmjs.org/@algolia/requester-node-http/-/requester-node-http-4.14.2.tgz",
      "integrity": "sha512-oDbb02kd1o5GTEld4pETlPZLY0e+gOSWjWMJHWTgDXbv9rm/o2cF7japO6Vj1ENnrqWvLBmW1OzV9g6FUFhFXg==",
      "dependencies": {
        "@algolia/requester-common": "4.14.2"
      }
    },
    "node_modules/@algolia/transporter": {
      "version": "4.14.2",
      "resolved": "https://registry.npmjs.org/@algolia/transporter/-/transporter-4.14.2.tgz",
      "integrity": "sha512-t89dfQb2T9MFQHidjHcfhh6iGMNwvuKUvojAj+JsrHAGbuSy7yE4BylhLX6R0Q1xYRoC4Vvv+O5qIw/LdnQfsQ==",
      "dependencies": {
        "@algolia/cache-common": "4.14.2",
        "@algolia/logger-common": "4.14.2",
        "@algolia/requester-common": "4.14.2"
      }
    },
    "node_modules/algoliasearch": {
      "version": "4.14.2",
      "resolved": "https://registry.npmjs.org/algoliasearch/-/algoliasearch-4.14.2.tgz",
      "integrity": "sha512-ngbEQonGEmf8dyEh5f+uOIihv4176dgbuOZspiuhmTTBRBuzWu3KCGHre6uHj5YyuC7pNvQGzB6ZNJyZi0z+Sg==",
      "dependencies": {
        "@algolia/cache-browser-local-storage": "4.14.2",
        "@algolia/cache-common": "4.14.2",
        "@algolia/cache-in-memory": "4.14.2",
        "@algolia/client-account": "4.14.2",
        "@algolia/client-analytics": "4.14.2",
        "@algolia/client-common": "4.14.2",
        "@algolia/client-personalization": "4.14.2",
        "@algolia/client-search": "4.14.2",
        "@algolia/logger-common": "4.14.2",
        "@algolia/logger-console": "4.14.2",
        "@algolia/requester-browser-xhr": "4.14.2",
        "@algolia/requester-common": "4.14.2",
        "@algolia/requester-node-http": "4.14.2",
        "@algolia/transporter": "4.14.2"
      }
    },
    "node_modules/bindings": {
      "version": "1.5.0",
      "resolved": "https://registry.npmjs.org/bindings/-/bindings-1.5.0.tgz",
      "integrity": "sha512-p2q/t/mhvuOj/UeLlV6566GD/guowlr0hHxClI0W9m7MWYkL1F0hLo+0Aexs9HSPCtR1SXQ0TD3MMKrXZajbiQ==",
      "dependencies": {
        "file-uri-to-path": "1.0.0"
      }
    },
    "node_modules/file-uri-to-path": {
      "version": "1.0.0",
      "resolved": "https://registry.npmjs.org/file-uri-to-path/-/file-uri-to-path-1.0.0.tgz",
      "integrity": "sha512-0Zt+s3L7Vf1biwWZ29aARiVYLx7iMGnEUl9x33fbB/j3jR81u/O2LbqK+Bm1CDSNDKVtJ/YjwY7TUd5SkeLQLw=="
    },
    "node_modules/kafkajs": {
      "version": "2.2.0",
      "resolved": "https://registry.npmjs.org/kafkajs/-/kafkajs-2.2.0.tgz",
      "integrity": "sha512-+sdgyLuC0Idw1g9LSBXjtoCr4K+vVaHP+tulzAK+V+HHvO3uW5woNkzLnbBx0MN4WRuEl/5g84M3FSkH0ZDzrA==",
      "engines": {
        "node": ">=14.0.0"
      }
    },
    "node_modules/nan": {
      "version": "2.16.0",
      "resolved": "https://registry.npmjs.org/nan/-/nan-2.16.0.tgz",
      "integrity": "sha512-UdAqHyFngu7TfQKsCBgAA6pWDkT8MAO7d0jyOecVhN5354xbLqdn8mV9Tat9gepAupm0bt2DbeaSC8vS52MuFA=="
    },
    "node_modules/node-rdkafka": {
      "version": "2.13.0",
      "resolved": "https://registry.npmjs.org/node-rdkafka/-/node-rdkafka-2.13.0.tgz",
      "integrity": "sha512-CGdURr+gapPxDT5AuWS5vyXh341vUXYQxyX5Ly3sJaSxUDnG+cE4ZCAcE6NZ79AUo7O6S3UH6c5bFRdPdTWpaw==",
      "hasInstallScript": true,
      "dependencies": {
        "bindings": "^1.3.1",
        "nan": "^2.14.0"
      },
      "engines": {
        "node": ">=6.0.0"
      }
    }
  },
  "dependencies": {
    "@algolia/cache-browser-local-storage": {
      "version": "4.14.2",
      "resolved": "https://registry.npmjs.org/@algolia/cache-browser-local-storage/-/cache-browser-local-storage-4.14.2.tgz",
      "integrity": "sha512-FRweBkK/ywO+GKYfAWbrepewQsPTIEirhi1BdykX9mxvBPtGNKccYAxvGdDCumU1jL4r3cayio4psfzKMejBlA==",
      "requires": {
        "@algolia/cache-common": "4.14.2"
      }
    },
    "@algolia/cache-common": {
      "version": "4.14.2",
      "resolved": "https://registry.npmjs.org/@algolia/cache-common/-/cache-common-4.14.2.tgz",
      "integrity": "sha512-SbvAlG9VqNanCErr44q6lEKD2qoK4XtFNx9Qn8FK26ePCI8I9yU7pYB+eM/cZdS9SzQCRJBbHUumVr4bsQ4uxg=="
    },
    "@algolia/cache-in-memory": {
      "version": "4.14.2",
      "resolved": "https://registry.npmjs.org/@algolia/cache-in-memory/-/cache-in-memory-4.14.2.tgz",
      "integrity": "sha512-HrOukWoop9XB/VFojPv1R5SVXowgI56T9pmezd/djh2JnVN/vXswhXV51RKy4nCpqxyHt/aGFSq2qkDvj6KiuQ==",
      "requires": {
        "@algolia/cache-common": "4.14.2"
      }
    },
    "@algolia/client-account": {
      "version": "4.14.2",
      "resolved": "https://registry.npmjs.org/@algolia/client-account/-/client-account-4.14.2.tgz",
      "integrity": "sha512-WHtriQqGyibbb/Rx71YY43T0cXqyelEU0lB2QMBRXvD2X0iyeGl4qMxocgEIcbHyK7uqE7hKgjT8aBrHqhgc1w==",
      "requires": {
        "@algolia/client-common": "4.14.2",
        "@algolia/client-search": "4.14.2",
        "@algolia/transporter": "4.14.2"
      }
    },
    "@algolia/client-analytics": {
      "version": "4.14.2",
      "resolved": "https://registry.npmjs.org/@algolia/client-analytics/-/client-analytics-4.14.2.tgz",
      "integrity": "sha512-yBvBv2mw+HX5a+aeR0dkvUbFZsiC4FKSnfqk9rrfX+QrlNOKEhCG0tJzjiOggRW4EcNqRmaTULIYvIzQVL2KYQ==",
      "requires": {
        "@algolia/client-common": "4.14.2",
        "@algolia/client-search": "4.14.2",
        "@algolia/requester-common": "4.14.2",
        "@algolia/transporter": "4.14.2"
      }
    },
    "@algolia/client-common": {
      "version": "4.14.2",
      "resolved": "https://registry.npmjs.org/@algolia/client-common/-/client-common-4.14.2.tgz",
      "integrity": "sha512-43o4fslNLcktgtDMVaT5XwlzsDPzlqvqesRi4MjQz2x4/Sxm7zYg5LRYFol1BIhG6EwxKvSUq8HcC/KxJu3J0Q==",
      "requires": {
        "@algolia/requester-common": "4.14.2",
        "@algolia/transporter": "4.14.2"
      }
    },
    "@algolia/client-personalization": {
      "version": "4.14.2",
      "resolved": "https://registry.npmjs.org/@algolia/client-personalization/-/client-personalization-4.14.2.tgz",
      "integrity": "sha512-ACCoLi0cL8CBZ1W/2juehSltrw2iqsQBnfiu/Rbl9W2yE6o2ZUb97+sqN/jBqYNQBS+o0ekTMKNkQjHHAcEXNw==",
      "requires": {
        "@algolia/client-common": "4.14.2",
        "@algolia/requester-common": "4.14.2",
        "@algolia/transporter": "4.14.2"
      }
    },
    "@algolia/client-search": {
      "version": "4.14.2",
      "resolved": "https://registry.npmjs.org/@algolia/client-search/-/client-search-4.14.2.tgz",
      "integrity": "sha512-L5zScdOmcZ6NGiVbLKTvP02UbxZ0njd5Vq9nJAmPFtjffUSOGEp11BmD2oMJ5QvARgx2XbX4KzTTNS5ECYIMWw==",
      "requires": {
        "@algolia/client-common": "4.14.2",
        "@algolia/requester-common": "4.14.2",
        "@algolia/transporter": "4.14.2"
      }
    },
    "@algolia/logger-common": {
      "version": "4.14.2",
      "resolved": "https://registry.npmjs.org/@algolia/logger-common/-/logger-common-4.14.2.tgz",
      "integrity": "sha512-/JGlYvdV++IcMHBnVFsqEisTiOeEr6cUJtpjz8zc0A9c31JrtLm318Njc72p14Pnkw3A/5lHHh+QxpJ6WFTmsA=="
    },
    "@algolia/logger-console": {
      "version": "4.14.2",
      "resolved": "https://registry.npmjs.org/@algolia/logger-console/-/logger-console-4.14.2.tgz",
      "integrity": "sha512-8S2PlpdshbkwlLCSAB5f8c91xyc84VM9Ar9EdfE9UmX+NrKNYnWR1maXXVDQQoto07G1Ol/tYFnFVhUZq0xV/g==",
      "requires": {
        "@algolia/logger-common": "4.14.2"
      }
    },
    "@algolia/requester-browser-xhr": {
      "version": "4.14.2",
      "resolved": "https://registry.npmjs.org/@algolia/requester-browser-xhr/-/requester-browser-xhr-4.14.2.tgz",
      "integrity": "sha512-CEh//xYz/WfxHFh7pcMjQNWgpl4wFB85lUMRyVwaDPibNzQRVcV33YS+63fShFWc2+42YEipFGH2iPzlpszmDw==",
      "requires": {
        "@algolia/requester-common": "4.14.2"
      }
    },
    "@algolia/requester-common": {
      "version": "4.14.2",
      "resolved": "https://registry.npmjs.org/@algolia/requester-common/-/requester-common-4.14.2.tgz",
      "integrity": "sha512-73YQsBOKa5fvVV3My7iZHu1sUqmjjfs9TteFWwPwDmnad7T0VTCopttcsM3OjLxZFtBnX61Xxl2T2gmG2O4ehg=="
    },
    "@algolia/requester-node-http": {
      "version": "4.14.2",
      "resolved": "https://registry.npmjs.org/@algolia/requester-node-http/-/requester-node-http-4.14.2.tgz",
      "integrity": "sha512-oDbb02kd1o5GTEld4pETlPZLY0e+gOSWjWMJHWTgDXbv9rm/o2cF7japO6Vj1ENnrqWvLBmW1OzV9g6FUFhFXg==",
      "requires": {
        "@algolia/requester-common": "4.14.2"
      }
    },
    "@algolia/transporter": {
      "version": "4.14.2",
      "resolved": "https://registry.npmjs.org/@algolia/transporter/-/transporter-4.14.2.tgz",
      "integrity": "sha512-t89dfQb2T9MFQHidjHcfhh6iGMNwvuKUvojAj+JsrHAGbuSy7yE4BylhLX6R0Q1xYRoC4Vvv+O5qIw/LdnQfsQ==",
      "requires": {
        "@algolia/cache-common": "4.14.2",
        "@algolia/logger-common": "4.14.2",
        "@algolia/requester-common": "4.14.2"
      }
    },
    "algoliasearch": {
      "version": "4.14.2",
      "resolved": "https://registry.npmjs.org/algoliasearch/-/algoliasearch-4.14.2.tgz",
      "integrity": "sha512-ngbEQonGEmf8dyEh5f+uOIihv4176dgbuOZspiuhmTTBRBuzWu3KCGHre6uHj5YyuC7pNvQGzB6ZNJyZi0z+Sg==",
      "requires": {
        "@algolia/cache-browser-local-storage": "4.14.2",
        "@algolia/cache-common": "4.14.2",
        "@algolia/cache-in-memory": "4.14.2",
        "@algolia/client-account": "4.14.2",
        "@algolia/client-analytics": "4.14.2",
        "@algolia/client-common": "4.14.2",
        "@algolia/client-personalization": "4.14.2",
        "@algolia/client-search": "4.14.2",
        "@algolia/logger-common": "4.14.2",
        "@algolia/logger-console": "4.14.2",
        "@algolia/requester-browser-xhr": "4.14.2",
        "@algolia/requester-common": "4.14.2",
        "@algolia/requester-node-http": "4.14.2",
        "@algolia/transporter": "4.14.2"
      }
    },
    "bindings": {
      "version": "1.5.0",
      "resolved": "https://registry.npmjs.org/bindings/-/bindings-1.5.0.tgz",
      "integrity": "sha512-p2q/t/mhvuOj/UeLlV6566GD/guowlr0hHxClI0W9m7MWYkL1F0hLo+0Aexs9HSPCtR1SXQ0TD3MMKrXZajbiQ==",
      "requires": {
        "file-uri-to-path": "1.0.0"
      }
    },
    "file-uri-to-path": {
      "version": "1.0.0",
      "resolved": "https://registry.npmjs.org/file-uri-to-path/-/file-uri-to-path-1.0.0.tgz",
      "integrity": "sha512-0Zt+s3L7Vf1biwWZ29aARiVYLx7iMGnEUl9x33fbB/j3jR81u/O2LbqK+Bm1CDSNDKVtJ/YjwY7TUd5SkeLQLw=="
    },
    "kafkajs": {
      "version": "2.2.0",
      "resolved": "https://registry.npmjs.org/kafkajs/-/kafkajs-2.2.0.tgz",
      "integrity": "sha512-+sdgyLuC0Idw1g9LSBXjtoCr4K+vVaHP+tulzAK+V+HHvO3uW5woNkzLnbBx0MN4WRuEl/5g84M3FSkH0ZDzrA=="
    },
    "nan": {
      "version": "2.16.0",
      "resolved": "https://registry.npmjs.org/nan/-/nan-2.16.0.tgz",
      "integrity": "sha512-UdAqHyFngu7TfQKsCBgAA6pWDkT8MAO7d0jyOecVhN5354xbLqdn8mV9Tat9gepAupm0bt2DbeaSC8vS52MuFA=="
    },
    "node-rdkafka": {
      "version": "2.13.0",
      "resolved": "https://registry.npmjs.org/node-rdkafka/-/node-rdkafka-2.13.0.tgz",
      "integrity": "sha512-CGdURr+gapPxDT5AuWS5vyXh341vUXYQxyX5Ly3sJaSxUDnG+cE4ZCAcE6NZ79AUo7O6S3UH6c5bFRdPdTWpaw==",
      "requires": {
        "bindings": "^1.3.1",
        "nan": "^2.14.0"
      }
    }
  }
}
